
Microsoft Visual Studio Solution File, Format Version 12.00
# Visual Studio Version 17
VisualStudioVersion = 17.4.32804.182
MinimumVisualStudioVersion = 10.0.40219.1
Project("{FAE04EC0-301F-11D3-BF4B-00C04F79EFBC}") = "DataBinding.Android", "LearningXamarin1.Android\DataBinding.Android.csproj", "{3114C141-DB25-4831-B63C-CBA09F80D2AC}"
EndProject
Project("{FAE04EC0-301F-11D3-BF4B-00C04F79EFBC}") = "DataBinding.iOS", "LearningXamarin1.iOS\DataBinding.iOS.csproj", "{6994FD65-15CE-4A6B-8CBD-72E62767DB4D}"
EndProject
Project("{9A19103F-16F7-4668-BE54-9A1E7A4F7556}") = "DataBinding", "LearningXamarin1\DataBinding.csproj", "{9831B53D-A6FB-476B-B285-F0D0FB338775}"
EndProject
Global
	GlobalSection(SolutionConfigurationPlatforms) = preSolution
		Debug|Any CPU = Debug|Any CPU
		Debug|iPhone = Debug|iPhone
		Debug|iPhoneSimulator = Debug|iPhoneSimulator
		Release|Any CPU = Release|Any CPU
		Release|iPhone = Release|iPhone
		Release|iPhoneSimulator = Release|iPhoneSimulator
	EndGlobalSection
	GlobalSection(ProjectConfigurationPlatforms) = postSolution
		{3114C141-DB25-4831-B63C-CBA09F80D2AC}.Debug|Any CPU.ActiveCfg = Debug|Any CPU
		{3114C141-DB25-4831-B63C-CBA09F80D2AC}.Debug|Any CPU.Build.0 = Debug|Any CPU
		{3114C141-DB25-4831-B63C-CBA09F80D2AC}.Debug|Any CPU.Deploy.0 = Debug|Any CPU
		{3114C141-DB25-4831-B63C-CBA09F80D2AC}.Debug|iPhone.ActiveCfg = Debug|Any CPU
		{3114C141-DB25-4831-B63C-CBA09F80D2AC}.Debug|iPhone.Build.0 = Debug|Any CPU
		{3114C141-DB25-4831-B63C-CBA09F80D2AC}.Debug|iPhone.Deploy.0 = Debug|Any CPU
		{3114C141-DB25-4831-B63C-CBA09F80D2AC}.Debug|iPhoneSimulator.ActiveCfg = Debug|Any CPU
		{3114C141-DB25-4831-B63C-CBA09F80D2AC}.Debug|iPhoneSimulator.Build.0 = Debug|Any CPU
		{3114C141-DB25-4831-B63C-CBA09F80D2AC}.Debug|iPhoneSimulator.Deploy.0 = Debug|Any CPU
		{3114C141-DB25-4831-B63C-CBA09F80D2AC}.Release|Any CPU.ActiveCfg = Release|Any CPU
		{3114C141-DB25-4831-B63C-CBA09F80D2AC}.Release|Any CPU.Build.0 = Release|Any CPU
		{3114C141-DB25-4831-B63C-CBA09F80D2AC}.Release|Any CPU.Deploy.0 = Release|Any CPU
		{3114C141-DB25-4831-B63C-CBA09F80D2AC}.Release|iPhone.ActiveCfg = Release|Any CPU
		{3114C141-DB25-4831-B63C-CBA09F80D2AC}.Release|iPhone.Build.0 = Release|Any CPU
		{3114C141-DB25-4831-B63C-CBA09F80D2AC}.Release|iPhone.Deploy.0 = Release|Any CPU
		{3114C141-DB25-4831-B63C-CBA09F80D2AC}.Release|iPhoneSimulator.ActiveCfg = Release|Any CPU
		{3114C141-DB25-4831-B63C-CBA09F80D2AC}.Release|iPhoneSimulator.Build.0 = Release|Any CPU
		{3114C141-DB25-4831-B63C-CBA09F80D2AC}.Release|iPhoneSimulator.Deploy.0 = Release|Any CPU
		{6994FD65-15CE-4A6B-8CBD-72E62767DB4D}.Debug|Any CPU.ActiveCfg = Debug|iPhone
		{6994FD65-15CE-4A6B-8CBD-72E62767DB4D}.Debug|Any CPU.Build.0 = Debug|iPhone
		{6994FD65-15CE-4A6B-8CBD-72E62767DB4D}.Debug|Any CPU.Deploy.0 = Debug|iPhone
		{6994FD65-15CE-4A6B-8CBD-72E62767DB4D}.Debug|iPhone.ActiveCfg = Debug|iPhone
		{6994FD65-15CE-4A6B-8CBD-72E62767DB4D}.Debug|iPhone.Build.0 = Debug|iPhone
		{6994FD65-15CE-4A6B-8CBD-72E62767DB4D}.Debug|iPhone.Deploy.0 = Debug|iPhone
		{6994FD65-15CE-4A6B-8CBD-72E62767DB4D}.Debug|iPhoneSimulator.ActiveCfg = Debug|iPhoneSimulator
		{6994FD65-15CE-4A6B-8CBD-72E62767DB4D}.Debug|iPhoneSimulator.Build.0 = Debug|iPhoneSimulator
		{6994FD65-15CE-4A6B-8CBD-72E62767DB4D}.Debug|iPhoneSimulator.Deploy.0 = Debug|iPhoneSimulator
		{6994FD65-15CE-4A6B-8CBD-72E62767DB4D}.Release|Any CPU.ActiveCfg = Release|iPhoneSimulator
		{6994FD65-15CE-4A6B-8CBD-72E62767DB4D}.Release|Any CPU.Build.0 = Release|iPhoneSimulator
		{6994FD65-15CE-4A6B-8CBD-72E62767DB4D}.Release|Any CPU.Deploy.0 = Release|iPhoneSimulator
		{6994FD65-15CE-4A6B-8CBD-72E62767DB4D}.Release|iPhone.ActiveCfg = Release|iPhone
		{6994FD65-15CE-4A6B-8CBD-72E62767DB4D}.Release|iPhone.Build.0 = Release|iPhone
		{6994FD65-15CE-4A6B-8CBD-72E62767DB4D}.Release|iPhone.Deploy.0 = Release|iPhone
		{6994FD65-15CE-4A6B-8CBD-72E62767DB4D}.Release|iPhoneSimulator.ActiveCfg = Release|iPhoneSimulator
		{6994FD65-15CE-4A6B-8CBD-72E62767DB4D}.Release|iPhoneSimulator.Build.0 = Release|iPhoneSimulator
		{6994FD65-15CE-4A6B-8CBD-72E62767DB4D}.Release|iPhoneSimulator.Deploy.0 = Release|iPhoneSimulator
		{9831B53D-A6FB-476B-B285-F0D0FB338775}.Debug|Any CPU.ActiveCfg = Debug|Any CPU
		{9831B53D-A6FB-476B-B285-F0D0FB338775}.Debug|Any CPU.Build.0 = Debug|Any CPU
		{9831B53D-A6FB-476B-B285-F0D0FB338775}.Debug|Any CPU.Deploy.0 = Debug|Any CPU
		{9831B53D-A6FB-476B-B285-F0D0FB338775}.Debug|iPhone.ActiveCfg = Debug|Any CPU
		{9831B53D-A6FB-476B-B285-F0D0FB338775}.Debug|iPhone.Build.0 = Debug|Any CPU
		{9831B53D-A6FB-476B-B285-F0D0FB338775}.Debug|iPhone.Deploy.0 = Debug|Any CPU
		{9831B53D-A6FB-476B-B285-F0D0FB338775}.Debug|iPhoneSimulator.ActiveCfg = Debug|Any CPU
		{9831B53D-A6FB-476B-B285-F0D0FB338775}.Debug|iPhoneSimulator.Build.0 = Debug|Any CPU
		{9831B53D-A6FB-476B-B285-F0D0FB338775}.Debug|iPhoneSimulator.Deploy.0 = Debug|Any CPU
		{9831B53D-A6FB-476B-B285-F0D0FB338775}.Release|Any CPU.ActiveCfg = Release|Any CPU
		{9831B53D-A6FB-476B-B285-F0D0FB338775}.Release|Any CPU.Build.0 = Release|Any CPU
		{9831B53D-A6FB-476B-B285-F0D0FB338775}.Release|Any CPU.Deploy.0 = Release|Any CPU
		{9831B53D-A6FB-476B-B285-F0D0FB338775}.Release|iPhone.ActiveCfg = Release|Any CPU
		{9831B53D-A6FB-476B-B285-F0D0FB338775}.Release|iPhone.Build.0 = Release|Any CPU
		{9831B53D-A6FB-476B-B285-F0D0FB338775}.Release|iPhone.Deploy.0 = Release|Any CPU
		{9831B53D-A6FB-476B-B285-F0D0FB338775}.Release|iPhoneSimulator.ActiveCfg = Release|Any CPU
		{9831B53D-A6FB-476B-B285-F0D0FB338775}.Release|iPhoneSimulator.Build.0 = Release|Any CPU
		{9831B53D-A6FB-476B-B285-F0D0FB338775}.Release|iPhoneSimulator.Deploy.0 = Release|Any CPU
	EndGlobalSection
	GlobalSection(SolutionProperties) = preSolution
		HideSolutionNode = FALSE
	EndGlobalSection
	GlobalSection(ExtensibilityGlobals) = postSolution
		SolutionGuid = {85776096-52FF-4985-A24E-9126BF832558}
	EndGlobalSection
EndGlobal
